
Microsoft Visual Studio Solution File, Format Version 12.00
Project("{FAE04EC0-301F-11D3-BF4B-00C04F79EFBC}") = "DesafioPagCerto.Core", "DesafioPagCerto.Core\DesafioPagCerto.Core.csproj", "{DC05DEC9-E837-4D14-9464-0E5A071284C1}"
EndProject
Project("{FAE04EC0-301F-11D3-BF4B-00C04F79EFBC}") = "DesafioPagCerto.Repositories", "DesafioPagCerto.Repositories\DesafioPagCerto.Repositories.csproj", "{746DB3FD-C14A-4A38-A6A3-709FB6487CDC}"
EndProject
Project("{FAE04EC0-301F-11D3-BF4B-00C04F79EFBC}") = "DesafioPagCerto.Entities", "DesafioPagCerto.Entities\DesafioPagCerto.Entities.csproj", "{F26AE4C7-BBF5-4B88-9961-B8930DD80EB0}"
EndProject
Project("{FAE04EC0-301F-11D3-BF4B-00C04F79EFBC}") = "DesafioPagCerto.Services", "DesafioPagCerto.Services\DesafioPagCerto.Services.csproj", "{1E569EDB-3CC7-4B41-9A16-59E662709E44}"
EndProject
Project("{FAE04EC0-301F-11D3-BF4B-00C04F79EFBC}") = "DesafioPagCerto.Enum", "DesafioPagCerto.Enum\DesafioPagCerto.Enum.csproj", "{F8A1C745-05E1-4A34-84F8-33C2822BAF9E}"
EndProject
Project("{FAE04EC0-301F-11D3-BF4B-00C04F79EFBC}") = "DesafioPagCerto.Exception", "DesafioPagCerto.Exception\DesafioPagCerto.Exception.csproj", "{D1FB57A6-94E4-400D-9DFF-71F6DEE84A8F}"
EndProject
Project("{FAE04EC0-301F-11D3-BF4B-00C04F79EFBC}") = "DesafioPagCerto.Tests", "DesafioPagCerto.Tests\DesafioPagCerto.Tests.csproj", "{53E6708A-9E47-45D8-B011-11F58CE528A0}"
EndProject
Global
	GlobalSection(SolutionConfigurationPlatforms) = preSolution
		Debug|Any CPU = Debug|Any CPU
		Release|Any CPU = Release|Any CPU
	EndGlobalSection
	GlobalSection(ProjectConfigurationPlatforms) = postSolution
		{DC05DEC9-E837-4D14-9464-0E5A071284C1}.Debug|Any CPU.ActiveCfg = Debug|Any CPU
		{DC05DEC9-E837-4D14-9464-0E5A071284C1}.Debug|Any CPU.Build.0 = Debug|Any CPU
		{DC05DEC9-E837-4D14-9464-0E5A071284C1}.Release|Any CPU.ActiveCfg = Release|Any CPU
		{DC05DEC9-E837-4D14-9464-0E5A071284C1}.Release|Any CPU.Build.0 = Release|Any CPU
		{746DB3FD-C14A-4A38-A6A3-709FB6487CDC}.Debug|Any CPU.ActiveCfg = Debug|Any CPU
		{746DB3FD-C14A-4A38-A6A3-709FB6487CDC}.Debug|Any CPU.Build.0 = Debug|Any CPU
		{746DB3FD-C14A-4A38-A6A3-709FB6487CDC}.Release|Any CPU.ActiveCfg = Release|Any CPU
		{746DB3FD-C14A-4A38-A6A3-709FB6487CDC}.Release|Any CPU.Build.0 = Release|Any CPU
		{F26AE4C7-BBF5-4B88-9961-B8930DD80EB0}.Debug|Any CPU.ActiveCfg = Debug|Any CPU
		{F26AE4C7-BBF5-4B88-9961-B8930DD80EB0}.Debug|Any CPU.Build.0 = Debug|Any CPU
		{F26AE4C7-BBF5-4B88-9961-B8930DD80EB0}.Release|Any CPU.ActiveCfg = Release|Any CPU
		{F26AE4C7-BBF5-4B88-9961-B8930DD80EB0}.Release|Any CPU.Build.0 = Release|Any CPU
		{1E569EDB-3CC7-4B41-9A16-59E662709E44}.Debug|Any CPU.ActiveCfg = Debug|Any CPU
		{1E569EDB-3CC7-4B41-9A16-59E662709E44}.Debug|Any CPU.Build.0 = Debug|Any CPU
		{1E569EDB-3CC7-4B41-9A16-59E662709E44}.Release|Any CPU.ActiveCfg = Release|Any CPU
		{1E569EDB-3CC7-4B41-9A16-59E662709E44}.Release|Any CPU.Build.0 = Release|Any CPU
		{F8A1C745-05E1-4A34-84F8-33C2822BAF9E}.Debug|Any CPU.ActiveCfg = Debug|Any CPU
		{F8A1C745-05E1-4A34-84F8-33C2822BAF9E}.Debug|Any CPU.Build.0 = Debug|Any CPU
		{F8A1C745-05E1-4A34-84F8-33C2822BAF9E}.Release|Any CPU.ActiveCfg = Release|Any CPU
		{F8A1C745-05E1-4A34-84F8-33C2822BAF9E}.Release|Any CPU.Build.0 = Release|Any CPU
		{D1FB57A6-94E4-400D-9DFF-71F6DEE84A8F}.Debug|Any CPU.ActiveCfg = Debug|Any CPU
		{D1FB57A6-94E4-400D-9DFF-71F6DEE84A8F}.Debug|Any CPU.Build.0 = Debug|Any CPU
		{D1FB57A6-94E4-400D-9DFF-71F6DEE84A8F}.Release|Any CPU.ActiveCfg = Release|Any CPU
		{D1FB57A6-94E4-400D-9DFF-71F6DEE84A8F}.Release|Any CPU.Build.0 = Release|Any CPU
		{53E6708A-9E47-45D8-B011-11F58CE528A0}.Debug|Any CPU.ActiveCfg = Debug|Any CPU
		{53E6708A-9E47-45D8-B011-11F58CE528A0}.Debug|Any CPU.Build.0 = Debug|Any CPU
		{53E6708A-9E47-45D8-B011-11F58CE528A0}.Release|Any CPU.ActiveCfg = Release|Any CPU
		{53E6708A-9E47-45D8-B011-11F58CE528A0}.Release|Any CPU.Build.0 = Release|Any CPU
	EndGlobalSection
EndGlobal
